
Microsoft Visual Studio Solution File, Format Version 12.00
# Visual Studio Version 17
VisualStudioVersion = 17.13.35825.156 d17.13
MinimumVisualStudioVersion = 10.0.40219.1
Project("{FAE04EC0-301F-11D3-BF4B-00C04F79EFBC}") = "003_BMICS", "003_BMICS\003_BMICS.csproj", "{8CCCA27C-81BA-482A-9AF7-BDFADA4B8DA3}"
EndProject
Global
	GlobalSection(SolutionConfigurationPlatforms) = preSolution
		Debug|Any CPU = Debug|Any CPU
		Release|Any CPU = Release|Any CPU
	EndGlobalSection
	GlobalSection(ProjectConfigurationPlatforms) = postSolution
		{8CCCA27C-81BA-482A-9AF7-BDFADA4B8DA3}.Debug|Any CPU.ActiveCfg = Debug|Any CPU
		{8CCCA27C-81BA-482A-9AF7-BDFADA4B8DA3}.Debug|Any CPU.Build.0 = Debug|Any CPU
		{8CCCA27C-81BA-482A-9AF7-BDFADA4B8DA3}.Release|Any CPU.ActiveCfg = Release|Any CPU
		{8CCCA27C-81BA-482A-9AF7-BDFADA4B8DA3}.Release|Any CPU.Build.0 = Release|Any CPU
	EndGlobalSection
	GlobalSection(SolutionProperties) = preSolution
		HideSolutionNode = FALSE
	EndGlobalSection
	GlobalSection(ExtensibilityGlobals) = postSolution
		SolutionGuid = {0036318D-935F-4789-8C8F-B1A030529C22}
	EndGlobalSection
EndGlobal
